#####################################################################
# Modified for Alexa from: https://github.com/CCOSTAN/Home-AssistantConfig

## Checks that target echo devices are set to volume level 0.3 and sets them if needed.
## Plays cuckoos for the hour number at each hour and 1 cuckoo on the half hour.

## Mp3 files must be stored in your Home Assistant www folder. 
## Alter the folder addresses in the "variables" section to suit your situation
## Video describing how to use custom Mp3 with Alexa: https://www.youtube.com/watch?v=ZJlH6k9PY4I&t=18s
#####################################################################

#automations.yaml

- alias: Alexa - Notify - Cuckoo Clock
  trigger:
  - platform: time_pattern
    minutes: '30'
  - platform: time_pattern
    minutes: '0'
    id: hour
  condition:
  - condition: time
    after: '08:59:00'
    before: '20:31:00'
  - condition: or
    conditions:
    - condition: state
      entity_id: group.family
      state: home
    - condition: state
      entity_id: input_boolean.guest_mode
      state: 'on'
  action:
  - variables:
      echo_devices:
        - media_player.living_room_dot
        - media_player.kitchen_dot
  - choose:
    - conditions: |
        {{ (expand(echo_devices)
        | map(attribute='attributes.volume_level') | map('float', 0)
        | select('ne', 0.3) | list | count) | bool }}
      sequence:
        - service: media_player.volume_set
          data:
            entity_id: "{{ echo_devices }}"
            volume_level: 0.3
  - delay: 3
  - service: notify.alexa_media
    data:
      message: "{{message}}"
      target: "{{ echo_devices }}"
      data:
        type: tts
  mode: restart
  variables:
    sound_type: |
      {# This can be "cuckoo" or "coqui" based on the sound files provided in this git or you can use any other sounds you want as long as they follow the naming convention #}
      cuckoo
    message: |
      {% set prefix = %}
      {% if trigger.id != 'hour' %}
        {{"<audio src='https://***YOUR_IP_HERE***/local/mp3/"~sound_type~"-clock-half.mp3'/>\"}}
      {% else %}
        {{"<audio src='https://***YOUR_IP_HERE***/local/mp3/"~sound_type~"-clock-\" + now().strftime(\"%I\") + \".mp3'/>\"}}
      {% endif %}
